
Microsoft Visual Studio Solution File, Format Version 12.00
# Visual Studio Version 16
VisualStudioVersion = 16.0.31515.178
MinimumVisualStudioVersion = 10.0.40219.1
Project("{FAE04EC0-301F-11D3-BF4B-00C04F79EFBC}") = "WebApplication1", "WebApplication1.csproj", "{09FC279D-9CF3-48C1-9255-58D27A45EFA9}"
EndProject
Global
	GlobalSection(SolutionConfigurationPlatforms) = preSolution
		Debug|Any CPU = Debug|Any CPU
		Release|Any CPU = Release|Any CPU
	EndGlobalSection
	GlobalSection(ProjectConfigurationPlatforms) = postSolution
		{09FC279D-9CF3-48C1-9255-58D27A45EFA9}.Debug|Any CPU.ActiveCfg = Debug|Any CPU
		{09FC279D-9CF3-48C1-9255-58D27A45EFA9}.Debug|Any CPU.Build.0 = Debug|Any CPU
		{09FC279D-9CF3-48C1-9255-58D27A45EFA9}.Release|Any CPU.ActiveCfg = Release|Any CPU
		{09FC279D-9CF3-48C1-9255-58D27A45EFA9}.Release|Any CPU.Build.0 = Release|Any CPU
	EndGlobalSection
	GlobalSection(SolutionProperties) = preSolution
		HideSolutionNode = FALSE
	EndGlobalSection
	GlobalSection(ExtensibilityGlobals) = postSolution
		SolutionGuid = {1AF9224B-A349-4C32-A7B6-6F1C23C26A23}
	EndGlobalSection
EndGlobal
